
Microsoft Visual Studio Solution File, Format Version 12.00
# Visual Studio 15
VisualStudioVersion = 15.0.27130.2024
MinimumVisualStudioVersion = 10.0.40219.1
Project("{FAE04EC0-301F-11D3-BF4B-00C04F79EFBC}") = "MatrixVerification", "MatrixVerification\MatrixVerification.csproj", "{5DF10EC7-155B-41DE-8CB0-FF8E8796C27A}"
EndProject
Project("{FAE04EC0-301F-11D3-BF4B-00C04F79EFBC}") = "MatrixVerification.Tests", "MatrixVerification.Tests\MatrixVerification.Tests.csproj", "{4985625D-DA77-4903-923D-FF7B00D0A20E}"
EndProject
Global
	GlobalSection(SolutionConfigurationPlatforms) = preSolution
		Debug|Any CPU = Debug|Any CPU
		Release|Any CPU = Release|Any CPU
	EndGlobalSection
	GlobalSection(ProjectConfigurationPlatforms) = postSolution
		{5DF10EC7-155B-41DE-8CB0-FF8E8796C27A}.Debug|Any CPU.ActiveCfg = Debug|Any CPU
		{5DF10EC7-155B-41DE-8CB0-FF8E8796C27A}.Debug|Any CPU.Build.0 = Debug|Any CPU
		{5DF10EC7-155B-41DE-8CB0-FF8E8796C27A}.Release|Any CPU.ActiveCfg = Release|Any CPU
		{5DF10EC7-155B-41DE-8CB0-FF8E8796C27A}.Release|Any CPU.Build.0 = Release|Any CPU
		{4985625D-DA77-4903-923D-FF7B00D0A20E}.Debug|Any CPU.ActiveCfg = Debug|Any CPU
		{4985625D-DA77-4903-923D-FF7B00D0A20E}.Debug|Any CPU.Build.0 = Debug|Any CPU
		{4985625D-DA77-4903-923D-FF7B00D0A20E}.Release|Any CPU.ActiveCfg = Release|Any CPU
		{4985625D-DA77-4903-923D-FF7B00D0A20E}.Release|Any CPU.Build.0 = Release|Any CPU
	EndGlobalSection
	GlobalSection(SolutionProperties) = preSolution
		HideSolutionNode = FALSE
	EndGlobalSection
	GlobalSection(ExtensibilityGlobals) = postSolution
		SolutionGuid = {75A04FC4-E2CD-414E-A8E1-7E481C3629AB}
	EndGlobalSection
EndGlobal
